
Microsoft Visual Studio Solution File, Format Version 12.00
# Visual Studio Version 17
VisualStudioVersion = 17.13.36105.23 d17.13
MinimumVisualStudioVersion = 10.0.40219.1
Project("{FAE04EC0-301F-11D3-BF4B-00C04F79EFBC}") = "Progreso2Feijoo", "Progreso2Feijoo\Progreso2Feijoo.csproj", "{01FF3CA3-B394-466A-828E-D6750DE2E5C1}"
EndProject
Global
	GlobalSection(SolutionConfigurationPlatforms) = preSolution
		Debug|Any CPU = Debug|Any CPU
		Release|Any CPU = Release|Any CPU
	EndGlobalSection
	GlobalSection(ProjectConfigurationPlatforms) = postSolution
		{01FF3CA3-B394-466A-828E-D6750DE2E5C1}.Debug|Any CPU.ActiveCfg = Debug|Any CPU
		{01FF3CA3-B394-466A-828E-D6750DE2E5C1}.Debug|Any CPU.Build.0 = Debug|Any CPU
		{01FF3CA3-B394-466A-828E-D6750DE2E5C1}.Debug|Any CPU.Deploy.0 = Debug|Any CPU
		{01FF3CA3-B394-466A-828E-D6750DE2E5C1}.Release|Any CPU.ActiveCfg = Release|Any CPU
		{01FF3CA3-B394-466A-828E-D6750DE2E5C1}.Release|Any CPU.Build.0 = Release|Any CPU
		{01FF3CA3-B394-466A-828E-D6750DE2E5C1}.Release|Any CPU.Deploy.0 = Release|Any CPU
	EndGlobalSection
	GlobalSection(SolutionProperties) = preSolution
		HideSolutionNode = FALSE
	EndGlobalSection
	GlobalSection(ExtensibilityGlobals) = postSolution
		SolutionGuid = {7390FC69-C025-49D6-B112-2C2F0E59B5D6}
	EndGlobalSection
EndGlobal
